// !$*UTF8*$!
{
	archiveVersion = 1;
	classes = {
	};
	objectVersion = 46;
	objects = {

/* Begin PBXBuildFile section */
		345990BE1BB4C74C00FC7A43 /* AppDelegate.swift in Sources */ = {isa = PBXBuildFile; fileRef = 345990BD1BB4C74C00FC7A43 /* AppDelegate.swift */; };
		345990C01BB4C74C00FC7A43 /* ViewController.swift in Sources */ = {isa = PBXBuildFile; fileRef = 345990BF1BB4C74C00FC7A43 /* ViewController.swift */; };
		345990C21BB4C74C00FC7A43 /* Assets.xcassets in Resources */ = {isa = PBXBuildFile; fileRef = 345990C11BB4C74C00FC7A43 /* Assets.xcassets */; };
		345990C51BB4C74C00FC7A43 /* Main.storyboard in Resources */ = {isa = PBXBuildFile; fileRef = 345990C31BB4C74C00FC7A43 /* Main.storyboard */; };
		345990CD1BB4C75C00FC7A43 /* LangValue.swift in Sources */ = {isa = PBXBuildFile; fileRef = 345990CC1BB4C75C00FC7A43 /* LangValue.swift */; settings = {ASSET_TAGS = (); }; };
/* End PBXBuildFile section */

/* Begin PBXFileReference section */
		345990BA1BB4C74C00FC7A43 /* LangValue.app */ = {isa = PBXFileReference; explicitFileType = wrapper.application; includeInIndex = 0; path = LangValue.app; sourceTree = BUILT_PRODUCTS_DIR; };
		345990BD1BB4C74C00FC7A43 /* AppDelegate.swift */ = {isa = PBXFileReference; lastKnownFileType = sourcecode.swift; path = AppDelegate.swift; sourceTree = "<group>"; };
		345990BF1BB4C74C00FC7A43 /* ViewController.swift */ = {isa = PBXFileReference; lastKnownFileType = sourcecode.swift; path = ViewController.swift; sourceTree = "<group>"; };
		345990C11BB4C74C00FC7A43 /* Assets.xcassets */ = {isa = PBXFileReference; lastKnownFileType = folder.assetcatalog; path = Assets.xcassets; sourceTree = "<group>"; };
		345990C41BB4C74C00FC7A43 /* Base */ = {isa = PBXFileReference; lastKnownFileType = file.storyboard; name = Base; path = Base.lproj/Main.storyboard; sourceTree = "<group>"; };
		345990C61BB4C74C00FC7A43 /* Info.plist */ = {isa = PBXFileReference; lastKnownFileType = text.plist.xml; path = Info.plist; sourceTree = "<group>"; };
		345990CC1BB4C75C00FC7A43 /* LangValue.swift */ = {isa = PBXFileReference; fileEncoding = 4; lastKnownFileType = sourcecode.swift; path = LangValue.swift; sourceTree = "<group>"; };
/* End PBXFileReference section */

/* Begin PBXFrameworksBuildPhase section */
		345990B71BB4C74C00FC7A43 /* Frameworks */ = {
			isa = PBXFrameworksBuildPhase;
			buildActionMask = 2147483647;
			files = (
			);
			runOnlyForDeploymentPostprocessing = 0;
		};
/* End PBXFrameworksBuildPhase section */

/* Begin PBXGroup section */
		345990B11BB4C74C00FC7A43 = {
			isa = PBXGroup;
			children = (
				345990BC1BB4C74C00FC7A43 /* LangValue */,
				345990BB1BB4C74C00FC7A43 /* Products */,
			);
			sourceTree = "<group>";
		};
		345990BB1BB4C74C00FC7A43 /* Products */ = {
			isa = PBXGroup;
			children = (
				345990BA1BB4C74C00FC7A43 /* LangValue.app */,
			);
			name = Products;
			sourceTree = "<group>";
		};
		345990BC1BB4C74C00FC7A43 /* LangValue */ = {
			isa = PBXGroup;
			children = (
				345990BD1BB4C74C00FC7A43 /* AppDelegate.swift */,
				345990BF1BB4C74C00FC7A43 /* ViewController.swift */,
				345990CC1BB4C75C00FC7A43 /* LangValue.swift */,
				345990C11BB4C74C00FC7A43 /* Assets.xcassets */,
				345990C31BB4C74C00FC7A43 /* Main.storyboard */,
				345990C61BB4C74C00FC7A43 /* Info.plist */,
			);
			path = LangValue;
			sourceTree = "<group>";
		};
/* End PBXGroup section */

/* Begin PBXNativeTarget section */
		345990B91BB4C74C00FC7A43 /* LangValue */ = {
			isa = PBXNativeTarget;
			buildConfigurationList = 345990C91BB4C74C00FC7A43 /* Build configuration list for PBXNativeTarget "LangValue" */;
			buildPhases = (
				345990B61BB4C74C00FC7A43 /* Sources */,
				345990B71BB4C74C00FC7A43 /* Frameworks */,
				345990B81BB4C74C00FC7A43 /* Resources */,
			);
			buildRules = (
			);
			dependencies = (
			);
			name = LangValue;
			productName = LangValue;
			productReference = 345990BA1BB4C74C00FC7A43 /* LangValue.app */;
			productType = "com.apple.product-type.application";
		};
/* End PBXNativeTarget section */

/* Begin PBXProject section */
		345990B21BB4C74C00FC7A43 /* Project object */ = {
			isa = PBXProject;
			attributes = {
				LastUpgradeCheck = 0700;
				ORGANIZATIONNAME = "The Omni Group";
				TargetAttributes = {
					345990B91BB4C74C00FC7A43 = {
						CreatedOnToolsVersion = 7.0;
					};
				};
			};
			buildConfigurationList = 345990B51BB4C74C00FC7A43 /* Build configuration list for PBXProject "LangValue" */;
			compatibilityVersion = "Xcode 3.2";
			developmentRegion = English;
			hasScannedForEncodings = 0;
			knownRegions = (
				en,
				Base,
			);
			mainGroup = 345990B11BB4C74C00FC7A43;
			productRefGroup = 345990BB1BB4C74C00FC7A43 /* Products */;
			projectDirPath = "";
			projectRoot = "";
			targets = (
				345990B91BB4C74C00FC7A43 /* LangValue */,
			);
		};
/* End PBXProject section */

/* Begin PBXResourcesBuildPhase section */
		345990B81BB4C74C00FC7A43 /* Resources */ = {
			isa = PBXResourcesBuildPhase;
			buildActionMask = 2147483647;
			files = (
				345990C21BB4C74C00FC7A43 /* Assets.xcassets in Resources */,
				345990C51BB4C74C00FC7A43 /* Main.storyboard in Resources */,
			);
			runOnlyForDeploymentPostprocessing = 0;
		};
/* End PBXResourcesBuildPhase section */

/* Begin PBXSourcesBuildPhase section */
		345990B61BB4C74C00FC7A43 /* Sources */ = {
			isa = PBXSourcesBuildPhase;
			buildActionMask = 2147483647;
			files = (
				345990C01BB4C74C00FC7A43 /* ViewController.swift in Sources */,
				345990BE1BB4C74C00FC7A43 /* AppDelegate.swift in Sources */,
				345990CD1BB4C75C00FC7A43 /* LangValue.swift in Sources */,
			);
			runOnlyForDeploymentPostprocessing = 0;
		};
/* End PBXSourcesBuildPhase section */

/* Begin PBXVariantGroup section */
		345990C31BB4C74C00FC7A43 /* Main.storyboard */ = {
			isa = PBXVariantGroup;
			children = (
				345990C41BB4C74C00FC7A43 /* Base */,
			);
			name = Main.storyboard;
			sourceTree = "<group>";
		};
/* End PBXVariantGroup section */

/* Begin XCBuildConfiguration section */
		345990C71BB4C74C00FC7A43 /* Debug */ = {
			isa = XCBuildConfiguration;
			buildSettings = {
				ALWAYS_SEARCH_USER_PATHS = NO;
				CLANG_CXX_LANGUAGE_STANDARD = "gnu++0x";
				CLANG_CXX_LIBRARY = "libc++";
				CLANG_ENABLE_MODULES = YES;
				CLANG_ENABLE_OBJC_ARC = YES;
				CLANG_WARN_BOOL_CONVERSION = YES;
				CLANG_WARN_CONSTANT_CONVERSION = YES;
				CLANG_WARN_DIRECT_OBJC_ISA_USAGE = YES_ERROR;
				CLANG_WARN_EMPTY_BODY = YES;
				CLANG_WARN_ENUM_CONVERSION = YES;
				CLANG_WARN_INT_CONVERSION = YES;
				CLANG_WARN_OBJC_ROOT_CLASS = YES_ERROR;
				CLANG_WARN_UNREACHABLE_CODE = YES;
				CLANG_WARN__DUPLICATE_METHOD_MATCH = YES;
				CODE_SIGN_IDENTITY = "-";
				COPY_PHASE_STRIP = NO;
				DEBUG_INFORMATION_FORMAT = dwarf;
				ENABLE_STRICT_OBJC_MSGSEND = YES;
				ENABLE_TESTABILITY = YES;
				GCC_C_LANGUAGE_STANDARD = gnu99;
				GCC_DYNAMIC_NO_PIC = NO;
				GCC_NO_COMMON_BLOCKS = YES;
				GCC_OPTIMIZATION_LEVEL = 0;
				GCC_PREPROCESSOR_DEFINITIONS = (
					"DEBUG=1",
					"$(inherited)",
				);
				GCC_WARN_64_TO_32_BIT_CONVERSION = YES;
				GCC_WARN_ABOUT_RETURN_TYPE = YES_ERROR;
				GCC_WARN_UNDECLARED_SELECTOR = YES;
				GCC_WARN_UNINITIALIZED_AUTOS = YES_AGGRESSIVE;
				GCC_WARN_UNUSED_FUNCTION = YES;
				GCC_WARN_UNUSED_VARIABLE = YES;
				MACOSX_DEPLOYMENT_TARGET = 10.10;
				MTL_ENABLE_DEBUG_INFO = YES;
				ONLY_ACTIVE_ARCH = YES;
				SDKROOT = macosx;
				SWIFT_OPTIMIZATION_LEVEL = "-Onone";
			};
			name = Debug;
		};
		345990C81BB4C74C00FC7A43 /* Release */ = {
			isa = XCBuildConfiguration;
			buildSettings = {
				ALWAYS_SEARCH_USER_PATHS = NO;
				CLANG_CXX_LANGUAGE_STANDARD = "gnu++0x";
				CLANG_CXX_LIBRARY = "libc++";
				CLANG_ENABLE_MODULES = YES;
				CLANG_ENABLE_OBJC_ARC = YES;
				CLANG_WARN_BOOL_CONVERSION = YES;
				CLANG_WARN_CONSTANT_CONVERSION = YES;
				CLANG_WARN_DIRECT_OBJC_ISA_USAGE = YES_ERROR;
				CLANG_WARN_EMPTY_BODY = YES;
				CLANG_WARN_ENUM_CONVERSION = YES;
				CLANG_WARN_INT_CONVERSION = YES;
				CLANG_WARN_OBJC_ROOT_CLASS = YES_ERROR;
				CLANG_WARN_UNREACHABLE_CODE = YES;
				CLANG_WARN__DUPLICATE_METHOD_MATCH = YES;
				CODE_SIGN_IDENTITY = "-";
				COPY_PHASE_STRIP = NO;
				DEBUG_INFORMATION_FORMAT = "dwarf-with-dsym";
				ENABLE_NS_ASSERTIONS = NO;
				ENABLE_STRICT_OBJC_MSGSEND = YES;
				GCC_C_LANGUAGE_STANDARD = gnu99;
				GCC_NO_COMMON_BLOCKS = YES;
				GCC_WARN_64_TO_32_BIT_CONVERSION = YES;
				GCC_WARN_ABOUT_RETURN_TYPE = YES_ERROR;
				GCC_WARN_UNDECLARED_SELECTOR = YES;
				GCC_WARN_UNINITIALIZED_AUTOS = YES_AGGRESSIVE;
				GCC_WARN_UNUSED_FUNCTION = YES;
				GCC_WARN_UNUSED_VARIABLE = YES;
				MACOSX_DEPLOYMENT_TARGET = 10.10;
				MTL_ENABLE_DEBUG_INFO = NO;
				SDKROOT = macosx;
			};
			name = Release;
		};
		345990CA1BB4C74C00FC7A43 /* Debug */ = {
			isa = XCBuildConfiguration;
			buildSettings = {
				ASSETCATALOG_COMPILER_APPICON_NAME = AppIcon;
				COMBINE_HIDPI_IMAGES = YES;
				INFOPLIST_FILE = LangValue/Info.plist;
				LD_RUNPATH_SEARCH_PATHS = "$(inherited) @executable_path/../Frameworks";
				PRODUCT_BUNDLE_IDENTIFIER = com.omnigroup.LangValue;
				PRODUCT_NAME = "$(TARGET_NAME)";
			};
			name = Debug;
		};
		345990CB1BB4C74C00FC7A43 /* Release */ = {
			isa = XCBuildConfiguration;
			buildSettings = {
				ASSETCATALOG_COMPILER_APPICON_NAME = AppIcon;
				COMBINE_HIDPI_IMAGES = YES;
				INFOPLIST_FILE = LangValue/Info.plist;
				LD_RUNPATH_SEARCH_PATHS = "$(inherited) @executable_path/../Frameworks";
				PRODUCT_BUNDLE_IDENTIFIER = com.omnigroup.LangValue;
				PRODUCT_NAME = "$(TARGET_NAME)";
			};
			name = Release;
		};
/* End XCBuildConfiguration section */

/* Begin XCConfigurationList section */
		345990B51BB4C74C00FC7A43 /* Build configuration list for PBXProject "LangValue" */ = {
			isa = XCConfigurationList;
			buildConfigurations = (
				345990C71BB4C74C00FC7A43 /* Debug */,
				345990C81BB4C74C00FC7A43 /* Release */,
			);
			defaultConfigurationIsVisible = 0;
			defaultConfigurationName = Release;
		};
		345990C91BB4C74C00FC7A43 /* Build configuration list for PBXNativeTarget "LangValue" */ = {
			isa = XCConfigurationList;
			buildConfigurations = (
				345990CA1BB4C74C00FC7A43 /* Debug */,
				345990CB1BB4C74C00FC7A43 /* Release */,
			);
			defaultConfigurationIsVisible = 0;
		};
/* End XCConfigurationList section */
	};
	rootObject = 345990B21BB4C74C00FC7A43 /* Project object */;
}
