// !$*UTF8*$!
{
	archiveVersion = 1;
	classes = {
	};
	objectVersion = 46;
	objects = {

/* Begin PBXBuildFile section */
		347CECD61BC4C990000BCD52 /* AppDelegate.swift in Sources */ = {isa = PBXBuildFile; fileRef = 347CECD51BC4C990000BCD52 /* AppDelegate.swift */; };
		347CECD81BC4C990000BCD52 /* ViewController.swift in Sources */ = {isa = PBXBuildFile; fileRef = 347CECD71BC4C990000BCD52 /* ViewController.swift */; };
		347CECDA1BC4C990000BCD52 /* Document.swift in Sources */ = {isa = PBXBuildFile; fileRef = 347CECD91BC4C990000BCD52 /* Document.swift */; };
		347CECDC1BC4C990000BCD52 /* Assets.xcassets in Resources */ = {isa = PBXBuildFile; fileRef = 347CECDB1BC4C990000BCD52 /* Assets.xcassets */; };
		347CECDF1BC4C990000BCD52 /* Main.storyboard in Resources */ = {isa = PBXBuildFile; fileRef = 347CECDD1BC4C990000BCD52 /* Main.storyboard */; };
		347CECE71BC4C9C7000BCD52 /* Card.swift in Sources */ = {isa = PBXBuildFile; fileRef = 347CECE61BC4C9C7000BCD52 /* Card.swift */; settings = {ASSET_TAGS = (); }; };
		347CECE91BC4CAF9000BCD52 /* Deck.swift in Sources */ = {isa = PBXBuildFile; fileRef = 347CECE81BC4CAF9000BCD52 /* Deck.swift */; settings = {ASSET_TAGS = (); }; };
		347CECEB1BC4CF74000BCD52 /* Shuffle.swift in Sources */ = {isa = PBXBuildFile; fileRef = 347CECEA1BC4CF74000BCD52 /* Shuffle.swift */; settings = {ASSET_TAGS = (); }; };
		347CECEE1BC4D210000BCD52 /* CardView.swift in Sources */ = {isa = PBXBuildFile; fileRef = 347CECED1BC4D210000BCD52 /* CardView.swift */; settings = {ASSET_TAGS = (); }; };
/* End PBXBuildFile section */

/* Begin PBXFileReference section */
		347CECD21BC4C990000BCD52 /* Klondike.app */ = {isa = PBXFileReference; explicitFileType = wrapper.application; includeInIndex = 0; path = Klondike.app; sourceTree = BUILT_PRODUCTS_DIR; };
		347CECD51BC4C990000BCD52 /* AppDelegate.swift */ = {isa = PBXFileReference; lastKnownFileType = sourcecode.swift; path = AppDelegate.swift; sourceTree = "<group>"; };
		347CECD71BC4C990000BCD52 /* ViewController.swift */ = {isa = PBXFileReference; lastKnownFileType = sourcecode.swift; path = ViewController.swift; sourceTree = "<group>"; };
		347CECD91BC4C990000BCD52 /* Document.swift */ = {isa = PBXFileReference; lastKnownFileType = sourcecode.swift; path = Document.swift; sourceTree = "<group>"; };
		347CECDB1BC4C990000BCD52 /* Assets.xcassets */ = {isa = PBXFileReference; lastKnownFileType = folder.assetcatalog; path = Assets.xcassets; sourceTree = "<group>"; };
		347CECDE1BC4C990000BCD52 /* Base */ = {isa = PBXFileReference; lastKnownFileType = file.storyboard; name = Base; path = Base.lproj/Main.storyboard; sourceTree = "<group>"; };
		347CECE01BC4C990000BCD52 /* Info.plist */ = {isa = PBXFileReference; lastKnownFileType = text.plist.xml; path = Info.plist; sourceTree = "<group>"; };
		347CECE61BC4C9C7000BCD52 /* Card.swift */ = {isa = PBXFileReference; fileEncoding = 4; lastKnownFileType = sourcecode.swift; path = Card.swift; sourceTree = "<group>"; };
		347CECE81BC4CAF9000BCD52 /* Deck.swift */ = {isa = PBXFileReference; fileEncoding = 4; lastKnownFileType = sourcecode.swift; path = Deck.swift; sourceTree = "<group>"; };
		347CECEA1BC4CF74000BCD52 /* Shuffle.swift */ = {isa = PBXFileReference; fileEncoding = 4; lastKnownFileType = sourcecode.swift; path = Shuffle.swift; sourceTree = "<group>"; };
		347CECED1BC4D210000BCD52 /* CardView.swift */ = {isa = PBXFileReference; fileEncoding = 4; lastKnownFileType = sourcecode.swift; path = CardView.swift; sourceTree = "<group>"; };
/* End PBXFileReference section */

/* Begin PBXFrameworksBuildPhase section */
		347CECCF1BC4C990000BCD52 /* Frameworks */ = {
			isa = PBXFrameworksBuildPhase;
			buildActionMask = 2147483647;
			files = (
			);
			runOnlyForDeploymentPostprocessing = 0;
		};
/* End PBXFrameworksBuildPhase section */

/* Begin PBXGroup section */
		347CECC91BC4C990000BCD52 = {
			isa = PBXGroup;
			children = (
				347CECD41BC4C990000BCD52 /* Klondike */,
				347CECD31BC4C990000BCD52 /* Products */,
			);
			sourceTree = "<group>";
		};
		347CECD31BC4C990000BCD52 /* Products */ = {
			isa = PBXGroup;
			children = (
				347CECD21BC4C990000BCD52 /* Klondike.app */,
			);
			name = Products;
			sourceTree = "<group>";
		};
		347CECD41BC4C990000BCD52 /* Klondike */ = {
			isa = PBXGroup;
			children = (
				347CECD51BC4C990000BCD52 /* AppDelegate.swift */,
				347CECD71BC4C990000BCD52 /* ViewController.swift */,
				347CECD91BC4C990000BCD52 /* Document.swift */,
				347CECED1BC4D210000BCD52 /* CardView.swift */,
				347CECEC1BC4D1F5000BCD52 /* Game State */,
				347CECDB1BC4C990000BCD52 /* Assets.xcassets */,
				347CECDD1BC4C990000BCD52 /* Main.storyboard */,
				347CECE01BC4C990000BCD52 /* Info.plist */,
			);
			path = Klondike;
			sourceTree = "<group>";
		};
		347CECEC1BC4D1F5000BCD52 /* Game State */ = {
			isa = PBXGroup;
			children = (
				347CECE61BC4C9C7000BCD52 /* Card.swift */,
				347CECE81BC4CAF9000BCD52 /* Deck.swift */,
				347CECEA1BC4CF74000BCD52 /* Shuffle.swift */,
			);
			name = "Game State";
			sourceTree = "<group>";
		};
/* End PBXGroup section */

/* Begin PBXNativeTarget section */
		347CECD11BC4C990000BCD52 /* Klondike */ = {
			isa = PBXNativeTarget;
			buildConfigurationList = 347CECE31BC4C990000BCD52 /* Build configuration list for PBXNativeTarget "Klondike" */;
			buildPhases = (
				347CECCE1BC4C990000BCD52 /* Sources */,
				347CECCF1BC4C990000BCD52 /* Frameworks */,
				347CECD01BC4C990000BCD52 /* Resources */,
			);
			buildRules = (
			);
			dependencies = (
			);
			name = Klondike;
			productName = Klondike;
			productReference = 347CECD21BC4C990000BCD52 /* Klondike.app */;
			productType = "com.apple.product-type.application";
		};
/* End PBXNativeTarget section */

/* Begin PBXProject section */
		347CECCA1BC4C990000BCD52 /* Project object */ = {
			isa = PBXProject;
			attributes = {
				LastUpgradeCheck = 0700;
				ORGANIZATIONNAME = "The Omni Group";
				TargetAttributes = {
					347CECD11BC4C990000BCD52 = {
						CreatedOnToolsVersion = 7.0;
					};
				};
			};
			buildConfigurationList = 347CECCD1BC4C990000BCD52 /* Build configuration list for PBXProject "Klondike" */;
			compatibilityVersion = "Xcode 3.2";
			developmentRegion = English;
			hasScannedForEncodings = 0;
			knownRegions = (
				en,
				Base,
			);
			mainGroup = 347CECC91BC4C990000BCD52;
			productRefGroup = 347CECD31BC4C990000BCD52 /* Products */;
			projectDirPath = "";
			projectRoot = "";
			targets = (
				347CECD11BC4C990000BCD52 /* Klondike */,
			);
		};
/* End PBXProject section */

/* Begin PBXResourcesBuildPhase section */
		347CECD01BC4C990000BCD52 /* Resources */ = {
			isa = PBXResourcesBuildPhase;
			buildActionMask = 2147483647;
			files = (
				347CECDC1BC4C990000BCD52 /* Assets.xcassets in Resources */,
				347CECDF1BC4C990000BCD52 /* Main.storyboard in Resources */,
			);
			runOnlyForDeploymentPostprocessing = 0;
		};
/* End PBXResourcesBuildPhase section */

/* Begin PBXSourcesBuildPhase section */
		347CECCE1BC4C990000BCD52 /* Sources */ = {
			isa = PBXSourcesBuildPhase;
			buildActionMask = 2147483647;
			files = (
				347CECEE1BC4D210000BCD52 /* CardView.swift in Sources */,
				347CECD81BC4C990000BCD52 /* ViewController.swift in Sources */,
				347CECEB1BC4CF74000BCD52 /* Shuffle.swift in Sources */,
				347CECD61BC4C990000BCD52 /* AppDelegate.swift in Sources */,
				347CECE91BC4CAF9000BCD52 /* Deck.swift in Sources */,
				347CECDA1BC4C990000BCD52 /* Document.swift in Sources */,
				347CECE71BC4C9C7000BCD52 /* Card.swift in Sources */,
			);
			runOnlyForDeploymentPostprocessing = 0;
		};
/* End PBXSourcesBuildPhase section */

/* Begin PBXVariantGroup section */
		347CECDD1BC4C990000BCD52 /* Main.storyboard */ = {
			isa = PBXVariantGroup;
			children = (
				347CECDE1BC4C990000BCD52 /* Base */,
			);
			name = Main.storyboard;
			sourceTree = "<group>";
		};
/* End PBXVariantGroup section */

/* Begin XCBuildConfiguration section */
		347CECE11BC4C990000BCD52 /* Debug */ = {
			isa = XCBuildConfiguration;
			buildSettings = {
				ALWAYS_SEARCH_USER_PATHS = NO;
				CLANG_CXX_LANGUAGE_STANDARD = "gnu++0x";
				CLANG_CXX_LIBRARY = "libc++";
				CLANG_ENABLE_MODULES = YES;
				CLANG_ENABLE_OBJC_ARC = YES;
				CLANG_WARN_BOOL_CONVERSION = YES;
				CLANG_WARN_CONSTANT_CONVERSION = YES;
				CLANG_WARN_DIRECT_OBJC_ISA_USAGE = YES_ERROR;
				CLANG_WARN_EMPTY_BODY = YES;
				CLANG_WARN_ENUM_CONVERSION = YES;
				CLANG_WARN_INT_CONVERSION = YES;
				CLANG_WARN_OBJC_ROOT_CLASS = YES_ERROR;
				CLANG_WARN_UNREACHABLE_CODE = YES;
				CLANG_WARN__DUPLICATE_METHOD_MATCH = YES;
				CODE_SIGN_IDENTITY = "-";
				COPY_PHASE_STRIP = NO;
				DEBUG_INFORMATION_FORMAT = dwarf;
				ENABLE_STRICT_OBJC_MSGSEND = YES;
				ENABLE_TESTABILITY = YES;
				GCC_C_LANGUAGE_STANDARD = gnu99;
				GCC_DYNAMIC_NO_PIC = NO;
				GCC_NO_COMMON_BLOCKS = YES;
				GCC_OPTIMIZATION_LEVEL = 0;
				GCC_PREPROCESSOR_DEFINITIONS = (
					"DEBUG=1",
					"$(inherited)",
				);
				GCC_WARN_64_TO_32_BIT_CONVERSION = YES;
				GCC_WARN_ABOUT_RETURN_TYPE = YES_ERROR;
				GCC_WARN_UNDECLARED_SELECTOR = YES;
				GCC_WARN_UNINITIALIZED_AUTOS = YES_AGGRESSIVE;
				GCC_WARN_UNUSED_FUNCTION = YES;
				GCC_WARN_UNUSED_VARIABLE = YES;
				MACOSX_DEPLOYMENT_TARGET = 10.11;
				MTL_ENABLE_DEBUG_INFO = YES;
				ONLY_ACTIVE_ARCH = YES;
				SDKROOT = macosx;
				SWIFT_OPTIMIZATION_LEVEL = "-Onone";
			};
			name = Debug;
		};
		347CECE21BC4C990000BCD52 /* Release */ = {
			isa = XCBuildConfiguration;
			buildSettings = {
				ALWAYS_SEARCH_USER_PATHS = NO;
				CLANG_CXX_LANGUAGE_STANDARD = "gnu++0x";
				CLANG_CXX_LIBRARY = "libc++";
				CLANG_ENABLE_MODULES = YES;
				CLANG_ENABLE_OBJC_ARC = YES;
				CLANG_WARN_BOOL_CONVERSION = YES;
				CLANG_WARN_CONSTANT_CONVERSION = YES;
				CLANG_WARN_DIRECT_OBJC_ISA_USAGE = YES_ERROR;
				CLANG_WARN_EMPTY_BODY = YES;
				CLANG_WARN_ENUM_CONVERSION = YES;
				CLANG_WARN_INT_CONVERSION = YES;
				CLANG_WARN_OBJC_ROOT_CLASS = YES_ERROR;
				CLANG_WARN_UNREACHABLE_CODE = YES;
				CLANG_WARN__DUPLICATE_METHOD_MATCH = YES;
				CODE_SIGN_IDENTITY = "-";
				COPY_PHASE_STRIP = NO;
				DEBUG_INFORMATION_FORMAT = "dwarf-with-dsym";
				ENABLE_NS_ASSERTIONS = NO;
				ENABLE_STRICT_OBJC_MSGSEND = YES;
				GCC_C_LANGUAGE_STANDARD = gnu99;
				GCC_NO_COMMON_BLOCKS = YES;
				GCC_WARN_64_TO_32_BIT_CONVERSION = YES;
				GCC_WARN_ABOUT_RETURN_TYPE = YES_ERROR;
				GCC_WARN_UNDECLARED_SELECTOR = YES;
				GCC_WARN_UNINITIALIZED_AUTOS = YES_AGGRESSIVE;
				GCC_WARN_UNUSED_FUNCTION = YES;
				GCC_WARN_UNUSED_VARIABLE = YES;
				MACOSX_DEPLOYMENT_TARGET = 10.11;
				MTL_ENABLE_DEBUG_INFO = NO;
				SDKROOT = macosx;
			};
			name = Release;
		};
		347CECE41BC4C990000BCD52 /* Debug */ = {
			isa = XCBuildConfiguration;
			buildSettings = {
				ASSETCATALOG_COMPILER_APPICON_NAME = AppIcon;
				COMBINE_HIDPI_IMAGES = YES;
				INFOPLIST_FILE = Klondike/Info.plist;
				LD_RUNPATH_SEARCH_PATHS = "$(inherited) @executable_path/../Frameworks";
				PRODUCT_BUNDLE_IDENTIFIER = com.omnigroup.Klondike;
				PRODUCT_NAME = "$(TARGET_NAME)";
			};
			name = Debug;
		};
		347CECE51BC4C990000BCD52 /* Release */ = {
			isa = XCBuildConfiguration;
			buildSettings = {
				ASSETCATALOG_COMPILER_APPICON_NAME = AppIcon;
				COMBINE_HIDPI_IMAGES = YES;
				INFOPLIST_FILE = Klondike/Info.plist;
				LD_RUNPATH_SEARCH_PATHS = "$(inherited) @executable_path/../Frameworks";
				PRODUCT_BUNDLE_IDENTIFIER = com.omnigroup.Klondike;
				PRODUCT_NAME = "$(TARGET_NAME)";
			};
			name = Release;
		};
/* End XCBuildConfiguration section */

/* Begin XCConfigurationList section */
		347CECCD1BC4C990000BCD52 /* Build configuration list for PBXProject "Klondike" */ = {
			isa = XCConfigurationList;
			buildConfigurations = (
				347CECE11BC4C990000BCD52 /* Debug */,
				347CECE21BC4C990000BCD52 /* Release */,
			);
			defaultConfigurationIsVisible = 0;
			defaultConfigurationName = Release;
		};
		347CECE31BC4C990000BCD52 /* Build configuration list for PBXNativeTarget "Klondike" */ = {
			isa = XCConfigurationList;
			buildConfigurations = (
				347CECE41BC4C990000BCD52 /* Debug */,
				347CECE51BC4C990000BCD52 /* Release */,
			);
			defaultConfigurationIsVisible = 0;
		};
/* End XCConfigurationList section */
	};
	rootObject = 347CECCA1BC4C990000BCD52 /* Project object */;
}
